
Microsoft Visual Studio Solution File, Format Version 12.00
# Visual Studio Version 16
VisualStudioVersion = 16.0.31129.286
MinimumVisualStudioVersion = 10.0.40219.1
Project("{9A19103F-16F7-4668-BE54-9A1E7A4F7556}") = "MongoDB.Driver.Search", "MongoDB.Driver.Search\MongoDB.Driver.Search.csproj", "{55115E23-FF31-4F2D-A35E-D7409AE85846}"
EndProject
Project("{FAE04EC0-301F-11D3-BF4B-00C04F79EFBC}") = "MongoDB.Driver.Search.Tests", "MongoDB.Driver.Search.Tests\MongoDB.Driver.Search.Tests.csproj", "{9C739DB5-026F-474A-BB5F-6505170BBEEA}"
EndProject
Global
	GlobalSection(SolutionConfigurationPlatforms) = preSolution
		Debug|Any CPU = Debug|Any CPU
		Release|Any CPU = Release|Any CPU
	EndGlobalSection
	GlobalSection(ProjectConfigurationPlatforms) = postSolution
		{55115E23-FF31-4F2D-A35E-D7409AE85846}.Debug|Any CPU.ActiveCfg = Debug|Any CPU
		{55115E23-FF31-4F2D-A35E-D7409AE85846}.Debug|Any CPU.Build.0 = Debug|Any CPU
		{55115E23-FF31-4F2D-A35E-D7409AE85846}.Release|Any CPU.ActiveCfg = Release|Any CPU
		{55115E23-FF31-4F2D-A35E-D7409AE85846}.Release|Any CPU.Build.0 = Release|Any CPU
		{9C739DB5-026F-474A-BB5F-6505170BBEEA}.Debug|Any CPU.ActiveCfg = Debug|Any CPU
		{9C739DB5-026F-474A-BB5F-6505170BBEEA}.Debug|Any CPU.Build.0 = Debug|Any CPU
		{9C739DB5-026F-474A-BB5F-6505170BBEEA}.Release|Any CPU.ActiveCfg = Release|Any CPU
		{9C739DB5-026F-474A-BB5F-6505170BBEEA}.Release|Any CPU.Build.0 = Release|Any CPU
	EndGlobalSection
	GlobalSection(SolutionProperties) = preSolution
		HideSolutionNode = FALSE
	EndGlobalSection
	GlobalSection(ExtensibilityGlobals) = postSolution
		SolutionGuid = {9F903EF9-784A-4874-B399-EAAEB972AEBF}
	EndGlobalSection
EndGlobal
